// !$*UTF8*$!
{
	archiveVersion = 1;
	classes = {
	};
	objectVersion = 50;
	objects = {

/* Begin PBXBuildFile section */
		DB472E5C21A677270043F773 /* TLWebViewViewController.m in Sources */ = {isa = PBXBuildFile; fileRef = DB472E5B21A677270043F773 /* TLWebViewViewController.m */; };
		DB472E6621A6826E0043F773 /* JHUD.m in Sources */ = {isa = PBXBuildFile; fileRef = DB472E5F21A6826E0043F773 /* JHUD.m */; };
		DB472E6721A6826E0043F773 /* JHUDAnimationView.m in Sources */ = {isa = PBXBuildFile; fileRef = DB472E6121A6826E0043F773 /* JHUDAnimationView.m */; };
		DB472E6821A6826E0043F773 /* UIImage+JHUD.m in Sources */ = {isa = PBXBuildFile; fileRef = DB472E6321A6826E0043F773 /* UIImage+JHUD.m */; };
		DB472E6921A6826E0043F773 /* UIView+JHUD.m in Sources */ = {isa = PBXBuildFile; fileRef = DB472E6521A6826E0043F773 /* UIView+JHUD.m */; };
		DB472E8121A689420043F773 /* LBXScanNative.m in Sources */ = {isa = PBXBuildFile; fileRef = DB472E6D21A689420043F773 /* LBXScanNative.m */; };
		DB472E8221A689420043F773 /* LBXScanTypes.m in Sources */ = {isa = PBXBuildFile; fileRef = DB472E6F21A689420043F773 /* LBXScanTypes.m */; };
		DB472E8421A689420043F773 /* CodeScan.bundle in Resources */ = {isa = PBXBuildFile; fileRef = DB472E7421A689420043F773 /* CodeScan.bundle */; };
		DB472E8521A689420043F773 /* LBXScanLineAnimation.m in Sources */ = {isa = PBXBuildFile; fileRef = DB472E7621A689420043F773 /* LBXScanLineAnimation.m */; };
		DB472E8621A689420043F773 /* LBXScanNetAnimation.m in Sources */ = {isa = PBXBuildFile; fileRef = DB472E7821A689420043F773 /* LBXScanNetAnimation.m */; };
		DB472E8721A689420043F773 /* LBXScanVideoZoomView.m in Sources */ = {isa = PBXBuildFile; fileRef = DB472E7A21A689420043F773 /* LBXScanVideoZoomView.m */; };
		DB472E8821A689420043F773 /* LBXScanView.m in Sources */ = {isa = PBXBuildFile; fileRef = DB472E7C21A689420043F773 /* LBXScanView.m */; };
		DB472E8921A689420043F773 /* LBXScanViewController.m in Sources */ = {isa = PBXBuildFile; fileRef = DB472E7E21A689420043F773 /* LBXScanViewController.m */; };
		DB472E8A21A689420043F773 /* LBXScanViewStyle.m in Sources */ = {isa = PBXBuildFile; fileRef = DB472E8021A689420043F773 /* LBXScanViewStyle.m */; };
		DB472EA221A689BD0043F773 /* LBXPermission.m in Sources */ = {isa = PBXBuildFile; fileRef = DB472E8D21A689BD0043F773 /* LBXPermission.m */; };
		DB472EA321A689BD0043F773 /* LBXPermissionCalendar.m in Sources */ = {isa = PBXBuildFile; fileRef = DB472E8F21A689BD0043F773 /* LBXPermissionCalendar.m */; };
		DB472EA421A689BD0043F773 /* LBXPermissionCamera.m in Sources */ = {isa = PBXBuildFile; fileRef = DB472E9121A689BD0043F773 /* LBXPermissionCamera.m */; };
		DB472EA521A689BD0043F773 /* LBXPermissionContacts.m in Sources */ = {isa = PBXBuildFile; fileRef = DB472E9321A689BD0043F773 /* LBXPermissionContacts.m */; };
		DB472EA621A689BD0043F773 /* LBXPermissionHealth.m in Sources */ = {isa = PBXBuildFile; fileRef = DB472E9521A689BD0043F773 /* LBXPermissionHealth.m */; };
		DB472EA721A689BD0043F773 /* LBXPermissionLocation.m in Sources */ = {isa = PBXBuildFile; fileRef = DB472E9721A689BD0043F773 /* LBXPermissionLocation.m */; };
		DB472EA821A689BD0043F773 /* LBXPermissionMicrophone.m in Sources */ = {isa = PBXBuildFile; fileRef = DB472E9921A689BD0043F773 /* LBXPermissionMicrophone.m */; };
		DB472EA921A689BD0043F773 /* LBXPermissionNetwork.m in Sources */ = {isa = PBXBuildFile; fileRef = DB472E9B21A689BD0043F773 /* LBXPermissionNetwork.m */; };
		DB472EAA21A689BD0043F773 /* LBXPermissionPhotos.m in Sources */ = {isa = PBXBuildFile; fileRef = DB472E9D21A689BD0043F773 /* LBXPermissionPhotos.m */; };
		DB472EAB21A689BD0043F773 /* LBXPermissionReminders.m in Sources */ = {isa = PBXBuildFile; fileRef = DB472E9F21A689BD0043F773 /* LBXPermissionReminders.m */; };
		DB472EAC21A689BD0043F773 /* LBXPermissionSetting.m in Sources */ = {isa = PBXBuildFile; fileRef = DB472EA121A689BD0043F773 /* LBXPermissionSetting.m */; };
		DB472EB321A68ACA0043F773 /* TLScanViewController.m in Sources */ = {isa = PBXBuildFile; fileRef = DB472EB121A68ACA0043F773 /* TLScanViewController.m */; };
		DB8ACAAA216D889E004E32AE /* AppDelegate.m in Sources */ = {isa = PBXBuildFile; fileRef = DB8ACAA9216D889E004E32AE /* AppDelegate.m */; };
		DB8ACAAD216D889E004E32AE /* ViewController.m in Sources */ = {isa = PBXBuildFile; fileRef = DB8ACAAC216D889E004E32AE /* ViewController.m */; };
		DB8ACAB2216D889F004E32AE /* Assets.xcassets in Resources */ = {isa = PBXBuildFile; fileRef = DB8ACAB1216D889F004E32AE /* Assets.xcassets */; };
		DB8ACAB5216D889F004E32AE /* LaunchScreen.storyboard in Resources */ = {isa = PBXBuildFile; fileRef = DB8ACAB3216D889F004E32AE /* LaunchScreen.storyboard */; };
		DB8ACAB8216D889F004E32AE /* main.m in Sources */ = {isa = PBXBuildFile; fileRef = DB8ACAB7216D889F004E32AE /* main.m */; };
		DB8ACC0221745CF7004E32AE /* Info.plist in Resources */ = {isa = PBXBuildFile; fileRef = DB8ACBE821745CF6004E32AE /* Info.plist */; };
		DB8ACC0321745CF7004E32AE /* MASCompositeConstraint.m in Sources */ = {isa = PBXBuildFile; fileRef = DB8ACBEA21745CF6004E32AE /* MASCompositeConstraint.m */; };
		DB8ACC0421745CF7004E32AE /* MASConstraint.m in Sources */ = {isa = PBXBuildFile; fileRef = DB8ACBED21745CF6004E32AE /* MASConstraint.m */; };
		DB8ACC0521745CF7004E32AE /* MASConstraintMaker.m in Sources */ = {isa = PBXBuildFile; fileRef = DB8ACBEF21745CF6004E32AE /* MASConstraintMaker.m */; };
		DB8ACC0621745CF7004E32AE /* MASLayoutConstraint.m in Sources */ = {isa = PBXBuildFile; fileRef = DB8ACBF121745CF6004E32AE /* MASLayoutConstraint.m */; };
		DB8ACC0721745CF7004E32AE /* MASViewAttribute.m in Sources */ = {isa = PBXBuildFile; fileRef = DB8ACBF521745CF6004E32AE /* MASViewAttribute.m */; };
		DB8ACC0821745CF7004E32AE /* MASViewConstraint.m in Sources */ = {isa = PBXBuildFile; fileRef = DB8ACBF721745CF6004E32AE /* MASViewConstraint.m */; };
		DB8ACC0921745CF7004E32AE /* NSArray+MASAdditions.m in Sources */ = {isa = PBXBuildFile; fileRef = DB8ACBF921745CF6004E32AE /* NSArray+MASAdditions.m */; };
		DB8ACC0A21745CF7004E32AE /* NSLayoutConstraint+MASDebugAdditions.m in Sources */ = {isa = PBXBuildFile; fileRef = DB8ACBFC21745CF6004E32AE /* NSLayoutConstraint+MASDebugAdditions.m */; };
		DB8ACC0B21745CF7004E32AE /* View+MASAdditions.m in Sources */ = {isa = PBXBuildFile; fileRef = DB8ACBFE21745CF6004E32AE /* View+MASAdditions.m */; };
		DB8ACC0C21745CF7004E32AE /* ViewController+MASAdditions.m in Sources */ = {isa = PBXBuildFile; fileRef = DB8ACC0121745CF6004E32AE /* ViewController+MASAdditions.m */; };
		DBA8975021A691E3009CBBEE /* CreateBarCodeViewController.m in Sources */ = {isa = PBXBuildFile; fileRef = DBA8974F21A691E3009CBBEE /* CreateBarCodeViewController.m */; };
		DBA8975421A69322009CBBEE /* UIImageView+CornerRadius.m in Sources */ = {isa = PBXBuildFile; fileRef = DBA8975321A69322009CBBEE /* UIImageView+CornerRadius.m */; };
		DBA8975921A7BAAB009CBBEE /* LoginViewController.m in Sources */ = {isa = PBXBuildFile; fileRef = DBA8975821A7BAAB009CBBEE /* LoginViewController.m */; };
/* End PBXBuildFile section */

/* Begin PBXFileReference section */
		20796DF021E88DAF6029410D /* Pods-UIDemo.release.xcconfig */ = {isa = PBXFileReference; includeInIndex = 1; lastKnownFileType = text.xcconfig; name = "Pods-UIDemo.release.xcconfig"; path = "Pods/Target Support Files/Pods-UIDemo/Pods-UIDemo.release.xcconfig"; sourceTree = "<group>"; };
		2D2638EBA8C42648ECD18A95 /* Pods-UIDemo.debug.xcconfig */ = {isa = PBXFileReference; includeInIndex = 1; lastKnownFileType = text.xcconfig; name = "Pods-UIDemo.debug.xcconfig"; path = "Pods/Target Support Files/Pods-UIDemo/Pods-UIDemo.debug.xcconfig"; sourceTree = "<group>"; };
		4E62B9A86B5FCB5800BB0FEA /* libPods-UIDemo.a */ = {isa = PBXFileReference; explicitFileType = archive.ar; includeInIndex = 0; path = "libPods-UIDemo.a"; sourceTree = BUILT_PRODUCTS_DIR; };
		DB472E5A21A677270043F773 /* TLWebViewViewController.h */ = {isa = PBXFileReference; lastKnownFileType = sourcecode.c.h; path = TLWebViewViewController.h; sourceTree = "<group>"; };
		DB472E5B21A677270043F773 /* TLWebViewViewController.m */ = {isa = PBXFileReference; lastKnownFileType = sourcecode.c.objc; path = TLWebViewViewController.m; sourceTree = "<group>"; };
		DB472E5E21A6826E0043F773 /* JHUD.h */ = {isa = PBXFileReference; fileEncoding = 4; lastKnownFileType = sourcecode.c.h; path = JHUD.h; sourceTree = "<group>"; };
		DB472E5F21A6826E0043F773 /* JHUD.m */ = {isa = PBXFileReference; fileEncoding = 4; lastKnownFileType = sourcecode.c.objc; path = JHUD.m; sourceTree = "<group>"; };
		DB472E6021A6826E0043F773 /* JHUDAnimationView.h */ = {isa = PBXFileReference; fileEncoding = 4; lastKnownFileType = sourcecode.c.h; path = JHUDAnimationView.h; sourceTree = "<group>"; };
		DB472E6121A6826E0043F773 /* JHUDAnimationView.m */ = {isa = PBXFileReference; fileEncoding = 4; lastKnownFileType = sourcecode.c.objc; path = JHUDAnimationView.m; sourceTree = "<group>"; };
		DB472E6221A6826E0043F773 /* UIImage+JHUD.h */ = {isa = PBXFileReference; fileEncoding = 4; lastKnownFileType = sourcecode.c.h; path = "UIImage+JHUD.h"; sourceTree = "<group>"; };
		DB472E6321A6826E0043F773 /* UIImage+JHUD.m */ = {isa = PBXFileReference; fileEncoding = 4; lastKnownFileType = sourcecode.c.objc; path = "UIImage+JHUD.m"; sourceTree = "<group>"; };
		DB472E6421A6826E0043F773 /* UIView+JHUD.h */ = {isa = PBXFileReference; fileEncoding = 4; lastKnownFileType = sourcecode.c.h; path = "UIView+JHUD.h"; sourceTree = "<group>"; };
		DB472E6521A6826E0043F773 /* UIView+JHUD.m */ = {isa = PBXFileReference; fileEncoding = 4; lastKnownFileType = sourcecode.c.objc; path = "UIView+JHUD.m"; sourceTree = "<group>"; };
		DB472E6C21A689420043F773 /* LBXScanNative.h */ = {isa = PBXFileReference; fileEncoding = 4; lastKnownFileType = sourcecode.c.h; path = LBXScanNative.h; sourceTree = "<group>"; };
		DB472E6D21A689420043F773 /* LBXScanNative.m */ = {isa = PBXFileReference; fileEncoding = 4; lastKnownFileType = sourcecode.c.objc; path = LBXScanNative.m; sourceTree = "<group>"; };
		DB472E6E21A689420043F773 /* LBXScanTypes.h */ = {isa = PBXFileReference; fileEncoding = 4; lastKnownFileType = sourcecode.c.h; path = LBXScanTypes.h; sourceTree = "<group>"; };
		DB472E6F21A689420043F773 /* LBXScanTypes.m */ = {isa = PBXFileReference; fileEncoding = 4; lastKnownFileType = sourcecode.c.objc; path = LBXScanTypes.m; sourceTree = "<group>"; };
		DB472E7421A689420043F773 /* CodeScan.bundle */ = {isa = PBXFileReference; lastKnownFileType = "wrapper.plug-in"; path = CodeScan.bundle; sourceTree = "<group>"; };
		DB472E7521A689420043F773 /* LBXScanLineAnimation.h */ = {isa = PBXFileReference; fileEncoding = 4; lastKnownFileType = sourcecode.c.h; path = LBXScanLineAnimation.h; sourceTree = "<group>"; };
		DB472E7621A689420043F773 /* LBXScanLineAnimation.m */ = {isa = PBXFileReference; fileEncoding = 4; lastKnownFileType = sourcecode.c.objc; path = LBXScanLineAnimation.m; sourceTree = "<group>"; };
		DB472E7721A689420043F773 /* LBXScanNetAnimation.h */ = {isa = PBXFileReference; fileEncoding = 4; lastKnownFileType = sourcecode.c.h; path = LBXScanNetAnimation.h; sourceTree = "<group>"; };
		DB472E7821A689420043F773 /* LBXScanNetAnimation.m */ = {isa = PBXFileReference; fileEncoding = 4; lastKnownFileType = sourcecode.c.objc; path = LBXScanNetAnimation.m; sourceTree = "<group>"; };
		DB472E7921A689420043F773 /* LBXScanVideoZoomView.h */ = {isa = PBXFileReference; fileEncoding = 4; lastKnownFileType = sourcecode.c.h; path = LBXScanVideoZoomView.h; sourceTree = "<group>"; };
		DB472E7A21A689420043F773 /* LBXScanVideoZoomView.m */ = {isa = PBXFileReference; fileEncoding = 4; lastKnownFileType = sourcecode.c.objc; path = LBXScanVideoZoomView.m; sourceTree = "<group>"; };
		DB472E7B21A689420043F773 /* LBXScanView.h */ = {isa = PBXFileReference; fileEncoding = 4; lastKnownFileType = sourcecode.c.h; path = LBXScanView.h; sourceTree = "<group>"; };
		DB472E7C21A689420043F773 /* LBXScanView.m */ = {isa = PBXFileReference; fileEncoding = 4; lastKnownFileType = sourcecode.c.objc; path = LBXScanView.m; sourceTree = "<group>"; };
		DB472E7D21A689420043F773 /* LBXScanViewController.h */ = {isa = PBXFileReference; fileEncoding = 4; lastKnownFileType = sourcecode.c.h; path = LBXScanViewController.h; sourceTree = "<group>"; };
		DB472E7E21A689420043F773 /* LBXScanViewController.m */ = {isa = PBXFileReference; fileEncoding = 4; lastKnownFileType = sourcecode.c.objc; path = LBXScanViewController.m; sourceTree = "<group>"; };
		DB472E7F21A689420043F773 /* LBXScanViewStyle.h */ = {isa = PBXFileReference; fileEncoding = 4; lastKnownFileType = sourcecode.c.h; path = LBXScanViewStyle.h; sourceTree = "<group>"; };
		DB472E8021A689420043F773 /* LBXScanViewStyle.m */ = {isa = PBXFileReference; fileEncoding = 4; lastKnownFileType = sourcecode.c.objc; path = LBXScanViewStyle.m; sourceTree = "<group>"; };
		DB472E8C21A689BD0043F773 /* LBXPermission.h */ = {isa = PBXFileReference; fileEncoding = 4; lastKnownFileType = sourcecode.c.h; path = LBXPermission.h; sourceTree = "<group>"; };
		DB472E8D21A689BD0043F773 /* LBXPermission.m */ = {isa = PBXFileReference; fileEncoding = 4; lastKnownFileType = sourcecode.c.objc; path = LBXPermission.m; sourceTree = "<group>"; };
		DB472E8E21A689BD0043F773 /* LBXPermissionCalendar.h */ = {isa = PBXFileReference; fileEncoding = 4; lastKnownFileType = sourcecode.c.h; path = LBXPermissionCalendar.h; sourceTree = "<group>"; };
		DB472E8F21A689BD0043F773 /* LBXPermissionCalendar.m */ = {isa = PBXFileReference; fileEncoding = 4; lastKnownFileType = sourcecode.c.objc; path = LBXPermissionCalendar.m; sourceTree = "<group>"; };
		DB472E9021A689BD0043F773 /* LBXPermissionCamera.h */ = {isa = PBXFileReference; fileEncoding = 4; lastKnownFileType = sourcecode.c.h; path = LBXPermissionCamera.h; sourceTree = "<group>"; };
		DB472E9121A689BD0043F773 /* LBXPermissionCamera.m */ = {isa = PBXFileReference; fileEncoding = 4; lastKnownFileType = sourcecode.c.objc; path = LBXPermissionCamera.m; sourceTree = "<group>"; };
		DB472E9221A689BD0043F773 /* LBXPermissionContacts.h */ = {isa = PBXFileReference; fileEncoding = 4; lastKnownFileType = sourcecode.c.h; path = LBXPermissionContacts.h; sourceTree = "<group>"; };
		DB472E9321A689BD0043F773 /* LBXPermissionContacts.m */ = {isa = PBXFileReference; fileEncoding = 4; lastKnownFileType = sourcecode.c.objc; path = LBXPermissionContacts.m; sourceTree = "<group>"; };
		DB472E9421A689BD0043F773 /* LBXPermissionHealth.h */ = {isa = PBXFileReference; fileEncoding = 4; lastKnownFileType = sourcecode.c.h; path = LBXPermissionHealth.h; sourceTree = "<group>"; };
		DB472E9521A689BD0043F773 /* LBXPermissionHealth.m */ = {isa = PBXFileReference; fileEncoding = 4; lastKnownFileType = sourcecode.c.objc; path = LBXPermissionHealth.m; sourceTree = "<group>"; };
		DB472E9621A689BD0043F773 /* LBXPermissionLocation.h */ = {isa = PBXFileReference; fileEncoding = 4; lastKnownFileType = sourcecode.c.h; path = LBXPermissionLocation.h; sourceTree = "<group>"; };
		DB472E9721A689BD0043F773 /* LBXPermissionLocation.m */ = {isa = PBXFileReference; fileEncoding = 4; lastKnownFileType = sourcecode.c.objc; path = LBXPermissionLocation.m; sourceTree = "<group>"; };
		DB472E9821A689BD0043F773 /* LBXPermissionMicrophone.h */ = {isa = PBXFileReference; fileEncoding = 4; lastKnownFileType = sourcecode.c.h; path = LBXPermissionMicrophone.h; sourceTree = "<group>"; };
		DB472E9921A689BD0043F773 /* LBXPermissionMicrophone.m */ = {isa = PBXFileReference; fileEncoding = 4; lastKnownFileType = sourcecode.c.objc; path = LBXPermissionMicrophone.m; sourceTree = "<group>"; };
		DB472E9A21A689BD0043F773 /* LBXPermissionNetwork.h */ = {isa = PBXFileReference; fileEncoding = 4; lastKnownFileType = sourcecode.c.h; path = LBXPermissionNetwork.h; sourceTree = "<group>"; };
		DB472E9B21A689BD0043F773 /* LBXPermissionNetwork.m */ = {isa = PBXFileReference; fileEncoding = 4; lastKnownFileType = sourcecode.c.objc; path = LBXPermissionNetwork.m; sourceTree = "<group>"; };
		DB472E9C21A689BD0043F773 /* LBXPermissionPhotos.h */ = {isa = PBXFileReference; fileEncoding = 4; lastKnownFileType = sourcecode.c.h; path = LBXPermissionPhotos.h; sourceTree = "<group>"; };
		DB472E9D21A689BD0043F773 /* LBXPermissionPhotos.m */ = {isa = PBXFileReference; fileEncoding = 4; lastKnownFileType = sourcecode.c.objc; path = LBXPermissionPhotos.m; sourceTree = "<group>"; };
		DB472E9E21A689BD0043F773 /* LBXPermissionReminders.h */ = {isa = PBXFileReference; fileEncoding = 4; lastKnownFileType = sourcecode.c.h; path = LBXPermissionReminders.h; sourceTree = "<group>"; };
		DB472E9F21A689BD0043F773 /* LBXPermissionReminders.m */ = {isa = PBXFileReference; fileEncoding = 4; lastKnownFileType = sourcecode.c.objc; path = LBXPermissionReminders.m; sourceTree = "<group>"; };
		DB472EA021A689BD0043F773 /* LBXPermissionSetting.h */ = {isa = PBXFileReference; fileEncoding = 4; lastKnownFileType = sourcecode.c.h; path = LBXPermissionSetting.h; sourceTree = "<group>"; };
		DB472EA121A689BD0043F773 /* LBXPermissionSetting.m */ = {isa = PBXFileReference; fileEncoding = 4; lastKnownFileType = sourcecode.c.objc; path = LBXPermissionSetting.m; sourceTree = "<group>"; };
		DB472EB121A68ACA0043F773 /* TLScanViewController.m */ = {isa = PBXFileReference; fileEncoding = 4; lastKnownFileType = sourcecode.c.objc; path = TLScanViewController.m; sourceTree = "<group>"; };
		DB472EB221A68ACA0043F773 /* TLScanViewController.h */ = {isa = PBXFileReference; fileEncoding = 4; lastKnownFileType = sourcecode.c.h; path = TLScanViewController.h; sourceTree = "<group>"; };
		DB8ACAA5216D889E004E32AE /* UIDemo.app */ = {isa = PBXFileReference; explicitFileType = wrapper.application; includeInIndex = 0; path = UIDemo.app; sourceTree = BUILT_PRODUCTS_DIR; };
		DB8ACAA8216D889E004E32AE /* AppDelegate.h */ = {isa = PBXFileReference; lastKnownFileType = sourcecode.c.h; path = AppDelegate.h; sourceTree = "<group>"; };
		DB8ACAA9216D889E004E32AE /* AppDelegate.m */ = {isa = PBXFileReference; lastKnownFileType = sourcecode.c.objc; path = AppDelegate.m; sourceTree = "<group>"; };
		DB8ACAAB216D889E004E32AE /* ViewController.h */ = {isa = PBXFileReference; lastKnownFileType = sourcecode.c.h; path = ViewController.h; sourceTree = "<group>"; };
		DB8ACAAC216D889E004E32AE /* ViewController.m */ = {isa = PBXFileReference; lastKnownFileType = sourcecode.c.objc; path = ViewController.m; sourceTree = "<group>"; };
		DB8ACAB1216D889F004E32AE /* Assets.xcassets */ = {isa = PBXFileReference; lastKnownFileType = folder.assetcatalog; path = Assets.xcassets; sourceTree = "<group>"; };
		DB8ACAB4216D889F004E32AE /* Base */ = {isa = PBXFileReference; lastKnownFileType = file.storyboard; name = Base; path = Base.lproj/LaunchScreen.storyboard; sourceTree = "<group>"; };
		DB8ACAB6216D889F004E32AE /* Info.plist */ = {isa = PBXFileReference; lastKnownFileType = text.plist.xml; path = Info.plist; sourceTree = "<group>"; };
		DB8ACAB7216D889F004E32AE /* main.m */ = {isa = PBXFileReference; lastKnownFileType = sourcecode.c.objc; path = main.m; sourceTree = "<group>"; };
		DB8ACBE821745CF6004E32AE /* Info.plist */ = {isa = PBXFileReference; fileEncoding = 4; lastKnownFileType = text.plist.xml; path = Info.plist; sourceTree = "<group>"; };
		DB8ACBE921745CF6004E32AE /* MASCompositeConstraint.h */ = {isa = PBXFileReference; fileEncoding = 4; lastKnownFileType = sourcecode.c.h; path = MASCompositeConstraint.h; sourceTree = "<group>"; };
		DB8ACBEA21745CF6004E32AE /* MASCompositeConstraint.m */ = {isa = PBXFileReference; fileEncoding = 4; lastKnownFileType = sourcecode.c.objc; path = MASCompositeConstraint.m; sourceTree = "<group>"; };
		DB8ACBEB21745CF6004E32AE /* MASConstraint+Private.h */ = {isa = PBXFileReference; fileEncoding = 4; lastKnownFileType = sourcecode.c.h; path = "MASConstraint+Private.h"; sourceTree = "<group>"; };
		DB8ACBEC21745CF6004E32AE /* MASConstraint.h */ = {isa = PBXFileReference; fileEncoding = 4; lastKnownFileType = sourcecode.c.h; path = MASConstraint.h; sourceTree = "<group>"; };
		DB8ACBED21745CF6004E32AE /* MASConstraint.m */ = {isa = PBXFileReference; fileEncoding = 4; lastKnownFileType = sourcecode.c.objc; path = MASConstraint.m; sourceTree = "<group>"; };
		DB8ACBEE21745CF6004E32AE /* MASConstraintMaker.h */ = {isa = PBXFileReference; fileEncoding = 4; lastKnownFileType = sourcecode.c.h; path = MASConstraintMaker.h; sourceTree = "<group>"; };
		DB8ACBEF21745CF6004E32AE /* MASConstraintMaker.m */ = {isa = PBXFileReference; fileEncoding = 4; lastKnownFileType = sourcecode.c.objc; path = MASConstraintMaker.m; sourceTree = "<group>"; };
		DB8ACBF021745CF6004E32AE /* MASLayoutConstraint.h */ = {isa = PBXFileReference; fileEncoding = 4; lastKnownFileType = sourcecode.c.h; path = MASLayoutConstraint.h; sourceTree = "<group>"; };
		DB8ACBF121745CF6004E32AE /* MASLayoutConstraint.m */ = {isa = PBXFileReference; fileEncoding = 4; lastKnownFileType = sourcecode.c.objc; path = MASLayoutConstraint.m; sourceTree = "<group>"; };
		DB8ACBF221745CF6004E32AE /* Masonry.h */ = {isa = PBXFileReference; fileEncoding = 4; lastKnownFileType = sourcecode.c.h; path = Masonry.h; sourceTree = "<group>"; };
		DB8ACBF321745CF6004E32AE /* MASUtilities.h */ = {isa = PBXFileReference; fileEncoding = 4; lastKnownFileType = sourcecode.c.h; path = MASUtilities.h; sourceTree = "<group>"; };
		DB8ACBF421745CF6004E32AE /* MASViewAttribute.h */ = {isa = PBXFileReference; fileEncoding = 4; lastKnownFileType = sourcecode.c.h; path = MASViewAttribute.h; sourceTree = "<group>"; };
		DB8ACBF521745CF6004E32AE /* MASViewAttribute.m */ = {isa = PBXFileReference; fileEncoding = 4; lastKnownFileType = sourcecode.c.objc; path = MASViewAttribute.m; sourceTree = "<group>"; };
		DB8ACBF621745CF6004E32AE /* MASViewConstraint.h */ = {isa = PBXFileReference; fileEncoding = 4; lastKnownFileType = sourcecode.c.h; path = MASViewConstraint.h; sourceTree = "<group>"; };
		DB8ACBF721745CF6004E32AE /* MASViewConstraint.m */ = {isa = PBXFileReference; fileEncoding = 4; lastKnownFileType = sourcecode.c.objc; path = MASViewConstraint.m; sourceTree = "<group>"; };
		DB8ACBF821745CF6004E32AE /* NSArray+MASAdditions.h */ = {isa = PBXFileReference; fileEncoding = 4; lastKnownFileType = sourcecode.c.h; path = "NSArray+MASAdditions.h"; sourceTree = "<group>"; };
		DB8ACBF921745CF6004E32AE /* NSArray+MASAdditions.m */ = {isa = PBXFileReference; fileEncoding = 4; lastKnownFileType = sourcecode.c.objc; path = "NSArray+MASAdditions.m"; sourceTree = "<group>"; };
		DB8ACBFA21745CF6004E32AE /* NSArray+MASShorthandAdditions.h */ = {isa = PBXFileReference; fileEncoding = 4; lastKnownFileType = sourcecode.c.h; path = "NSArray+MASShorthandAdditions.h"; sourceTree = "<group>"; };
		DB8ACBFB21745CF6004E32AE /* NSLayoutConstraint+MASDebugAdditions.h */ = {isa = PBXFileReference; fileEncoding = 4; lastKnownFileType = sourcecode.c.h; path = "NSLayoutConstraint+MASDebugAdditions.h"; sourceTree = "<group>"; };
		DB8ACBFC21745CF6004E32AE /* NSLayoutConstraint+MASDebugAdditions.m */ = {isa = PBXFileReference; fileEncoding = 4; lastKnownFileType = sourcecode.c.objc; path = "NSLayoutConstraint+MASDebugAdditions.m"; sourceTree = "<group>"; };
		DB8ACBFD21745CF6004E32AE /* View+MASAdditions.h */ = {isa = PBXFileReference; fileEncoding = 4; lastKnownFileType = sourcecode.c.h; path = "View+MASAdditions.h"; sourceTree = "<group>"; };
		DB8ACBFE21745CF6004E32AE /* View+MASAdditions.m */ = {isa = PBXFileReference; fileEncoding = 4; lastKnownFileType = sourcecode.c.objc; path = "View+MASAdditions.m"; sourceTree = "<group>"; };
		DB8ACBFF21745CF6004E32AE /* View+MASShorthandAdditions.h */ = {isa = PBXFileReference; fileEncoding = 4; lastKnownFileType = sourcecode.c.h; path = "View+MASShorthandAdditions.h"; sourceTree = "<group>"; };
		DB8ACC0021745CF6004E32AE /* ViewController+MASAdditions.h */ = {isa = PBXFileReference; fileEncoding = 4; lastKnownFileType = sourcecode.c.h; path = "ViewController+MASAdditions.h"; sourceTree = "<group>"; };
		DB8ACC0121745CF6004E32AE /* ViewController+MASAdditions.m */ = {isa = PBXFileReference; fileEncoding = 4; lastKnownFileType = sourcecode.c.objc; path = "ViewController+MASAdditions.m"; sourceTree = "<group>"; };
		DB8ACC6B21745E25004E32AE /* PrefixHeader.pch */ = {isa = PBXFileReference; fileEncoding = 4; lastKnownFileType = sourcecode.c.h; path = PrefixHeader.pch; sourceTree = "<group>"; };
		DBA8974E21A691E3009CBBEE /* CreateBarCodeViewController.h */ = {isa = PBXFileReference; fileEncoding = 4; lastKnownFileType = sourcecode.c.h; path = CreateBarCodeViewController.h; sourceTree = "<group>"; };
		DBA8974F21A691E3009CBBEE /* CreateBarCodeViewController.m */ = {isa = PBXFileReference; fileEncoding = 4; lastKnownFileType = sourcecode.c.objc; path = CreateBarCodeViewController.m; sourceTree = "<group>"; };
		DBA8975221A69322009CBBEE /* UIImageView+CornerRadius.h */ = {isa = PBXFileReference; fileEncoding = 4; lastKnownFileType = sourcecode.c.h; path = "UIImageView+CornerRadius.h"; sourceTree = "<group>"; };
		DBA8975321A69322009CBBEE /* UIImageView+CornerRadius.m */ = {isa = PBXFileReference; fileEncoding = 4; lastKnownFileType = sourcecode.c.objc; path = "UIImageView+CornerRadius.m"; sourceTree = "<group>"; };
		DBA8975721A7BAAB009CBBEE /* LoginViewController.h */ = {isa = PBXFileReference; lastKnownFileType = sourcecode.c.h; path = LoginViewController.h; sourceTree = "<group>"; };
		DBA8975821A7BAAB009CBBEE /* LoginViewController.m */ = {isa = PBXFileReference; lastKnownFileType = sourcecode.c.objc; path = LoginViewController.m; sourceTree = "<group>"; };
/* End PBXFileReference section */

/* Begin PBXFrameworksBuildPhase section */
		DB8ACAA2216D889E004E32AE /* Frameworks */ = {
			isa = PBXFrameworksBuildPhase;
			buildActionMask = 2147483647;
			files = (
			);
			runOnlyForDeploymentPostprocessing = 0;
		};
/* End PBXFrameworksBuildPhase section */

/* Begin PBXGroup section */
		A7DD7EC84F8A9E31CAFC1897 /* Frameworks */ = {
			isa = PBXGroup;
			children = (
				4E62B9A86B5FCB5800BB0FEA /* libPods-UIDemo.a */,
			);
			name = Frameworks;
			sourceTree = "<group>";
		};
		D8A89861D8086ED4B5C32021 /* Pods */ = {
			isa = PBXGroup;
			children = (
				2D2638EBA8C42648ECD18A95 /* Pods-UIDemo.debug.xcconfig */,
				20796DF021E88DAF6029410D /* Pods-UIDemo.release.xcconfig */,
			);
			name = Pods;
			sourceTree = "<group>";
		};
		DB472E5821A677060043F773 /* webview */ = {
			isa = PBXGroup;
			children = (
				DB472E5A21A677270043F773 /* TLWebViewViewController.h */,
				DB472E5B21A677270043F773 /* TLWebViewViewController.m */,
			);
			path = webview;
			sourceTree = "<group>";
		};
		DB472E5D21A6826E0043F773 /* TS_JHUD */ = {
			isa = PBXGroup;
			children = (
				DB472E5E21A6826E0043F773 /* JHUD.h */,
				DB472E5F21A6826E0043F773 /* JHUD.m */,
				DB472E6021A6826E0043F773 /* JHUDAnimationView.h */,
				DB472E6121A6826E0043F773 /* JHUDAnimationView.m */,
				DB472E6221A6826E0043F773 /* UIImage+JHUD.h */,
				DB472E6321A6826E0043F773 /* UIImage+JHUD.m */,
				DB472E6421A6826E0043F773 /* UIView+JHUD.h */,
				DB472E6521A6826E0043F773 /* UIView+JHUD.m */,
			);
			path = TS_JHUD;
			sourceTree = "<group>";
		};
		DB472E6A21A689420043F773 /* LBXScan */ = {
			isa = PBXGroup;
			children = (
				DB472E6B21A689420043F773 /* LBXNative */,
				DB472E6E21A689420043F773 /* LBXScanTypes.h */,
				DB472E6F21A689420043F773 /* LBXScanTypes.m */,
				DB472E7321A689420043F773 /* UI */,
			);
			name = LBXScan;
			path = Dependes/LBXScan;
			sourceTree = SOURCE_ROOT;
		};
		DB472E6B21A689420043F773 /* LBXNative */ = {
			isa = PBXGroup;
			children = (
				DB472E6C21A689420043F773 /* LBXScanNative.h */,
				DB472E6D21A689420043F773 /* LBXScanNative.m */,
			);
			path = LBXNative;
			sourceTree = "<group>";
		};
		DB472E7321A689420043F773 /* UI */ = {
			isa = PBXGroup;
			children = (
				DB472E7421A689420043F773 /* CodeScan.bundle */,
				DB472E7521A689420043F773 /* LBXScanLineAnimation.h */,
				DB472E7621A689420043F773 /* LBXScanLineAnimation.m */,
				DB472E7721A689420043F773 /* LBXScanNetAnimation.h */,
				DB472E7821A689420043F773 /* LBXScanNetAnimation.m */,
				DB472E7921A689420043F773 /* LBXScanVideoZoomView.h */,
				DB472E7A21A689420043F773 /* LBXScanVideoZoomView.m */,
				DB472E7B21A689420043F773 /* LBXScanView.h */,
				DB472E7C21A689420043F773 /* LBXScanView.m */,
				DB472E7D21A689420043F773 /* LBXScanViewController.h */,
				DB472E7E21A689420043F773 /* LBXScanViewController.m */,
				DB472E7F21A689420043F773 /* LBXScanViewStyle.h */,
				DB472E8021A689420043F773 /* LBXScanViewStyle.m */,
			);
			path = UI;
			sourceTree = "<group>";
		};
		DB472E8B21A689BD0043F773 /* LBXPermissions */ = {
			isa = PBXGroup;
			children = (
				DB472E8C21A689BD0043F773 /* LBXPermission.h */,
				DB472E8D21A689BD0043F773 /* LBXPermission.m */,
				DB472E8E21A689BD0043F773 /* LBXPermissionCalendar.h */,
				DB472E8F21A689BD0043F773 /* LBXPermissionCalendar.m */,
				DB472E9021A689BD0043F773 /* LBXPermissionCamera.h */,
				DB472E9121A689BD0043F773 /* LBXPermissionCamera.m */,
				DB472E9221A689BD0043F773 /* LBXPermissionContacts.h */,
				DB472E9321A689BD0043F773 /* LBXPermissionContacts.m */,
				DB472E9421A689BD0043F773 /* LBXPermissionHealth.h */,
				DB472E9521A689BD0043F773 /* LBXPermissionHealth.m */,
				DB472E9621A689BD0043F773 /* LBXPermissionLocation.h */,
				DB472E9721A689BD0043F773 /* LBXPermissionLocation.m */,
				DB472E9821A689BD0043F773 /* LBXPermissionMicrophone.h */,
				DB472E9921A689BD0043F773 /* LBXPermissionMicrophone.m */,
				DB472E9A21A689BD0043F773 /* LBXPermissionNetwork.h */,
				DB472E9B21A689BD0043F773 /* LBXPermissionNetwork.m */,
				DB472E9C21A689BD0043F773 /* LBXPermissionPhotos.h */,
				DB472E9D21A689BD0043F773 /* LBXPermissionPhotos.m */,
				DB472E9E21A689BD0043F773 /* LBXPermissionReminders.h */,
				DB472E9F21A689BD0043F773 /* LBXPermissionReminders.m */,
				DB472EA021A689BD0043F773 /* LBXPermissionSetting.h */,
				DB472EA121A689BD0043F773 /* LBXPermissionSetting.m */,
			);
			path = LBXPermissions;
			sourceTree = "<group>";
		};
		DB472EAD21A689CC0043F773 /* scan */ = {
			isa = PBXGroup;
			children = (
				DBA8974E21A691E3009CBBEE /* CreateBarCodeViewController.h */,
				DBA8974F21A691E3009CBBEE /* CreateBarCodeViewController.m */,
				DB472EB221A68ACA0043F773 /* TLScanViewController.h */,
				DB472EB121A68ACA0043F773 /* TLScanViewController.m */,
			);
			path = scan;
			sourceTree = "<group>";
		};
		DB8ACA9C216D889E004E32AE = {
			isa = PBXGroup;
			children = (
				DB8ACAA7216D889E004E32AE /* UIDemo */,
				DB8ACBE621745CF6004E32AE /* Dependes */,
				DB8ACAA6216D889E004E32AE /* Products */,
				D8A89861D8086ED4B5C32021 /* Pods */,
				A7DD7EC84F8A9E31CAFC1897 /* Frameworks */,
			);
			sourceTree = "<group>";
		};
		DB8ACAA6216D889E004E32AE /* Products */ = {
			isa = PBXGroup;
			children = (
				DB8ACAA5216D889E004E32AE /* UIDemo.app */,
			);
			name = Products;
			sourceTree = "<group>";
		};
		DB8ACAA7216D889E004E32AE /* UIDemo */ = {
			isa = PBXGroup;
			children = (
				DBA8975521A7BA8F009CBBEE /* login */,
				DB472EAD21A689CC0043F773 /* scan */,
				DB472E5821A677060043F773 /* webview */,
				DB8ACAA8216D889E004E32AE /* AppDelegate.h */,
				DB8ACAA9216D889E004E32AE /* AppDelegate.m */,
				DB8ACAAB216D889E004E32AE /* ViewController.h */,
				DB8ACAAC216D889E004E32AE /* ViewController.m */,
				DB8ACAB1216D889F004E32AE /* Assets.xcassets */,
				DB8ACAB3216D889F004E32AE /* LaunchScreen.storyboard */,
				DB8ACAB6216D889F004E32AE /* Info.plist */,
				DB8ACAB7216D889F004E32AE /* main.m */,
				DB8ACC6B21745E25004E32AE /* PrefixHeader.pch */,
			);
			path = UIDemo;
			sourceTree = "<group>";
		};
		DB8ACBE621745CF6004E32AE /* Dependes */ = {
			isa = PBXGroup;
			children = (
				DB472E5D21A6826E0043F773 /* TS_JHUD */,
				DBA8975121A69322009CBBEE /* CornerRadiusCategory */,
				DB472E8B21A689BD0043F773 /* LBXPermissions */,
				DB472E6A21A689420043F773 /* LBXScan */,
				DB8ACBE721745CF6004E32AE /* Masonry */,
			);
			path = Dependes;
			sourceTree = "<group>";
		};
		DB8ACBE721745CF6004E32AE /* Masonry */ = {
			isa = PBXGroup;
			children = (
				DB8ACBE821745CF6004E32AE /* Info.plist */,
				DB8ACBE921745CF6004E32AE /* MASCompositeConstraint.h */,
				DB8ACBEA21745CF6004E32AE /* MASCompositeConstraint.m */,
				DB8ACBEB21745CF6004E32AE /* MASConstraint+Private.h */,
				DB8ACBEC21745CF6004E32AE /* MASConstraint.h */,
				DB8ACBED21745CF6004E32AE /* MASConstraint.m */,
				DB8ACBEE21745CF6004E32AE /* MASConstraintMaker.h */,
				DB8ACBEF21745CF6004E32AE /* MASConstraintMaker.m */,
				DB8ACBF021745CF6004E32AE /* MASLayoutConstraint.h */,
				DB8ACBF121745CF6004E32AE /* MASLayoutConstraint.m */,
				DB8ACBF221745CF6004E32AE /* Masonry.h */,
				DB8ACBF321745CF6004E32AE /* MASUtilities.h */,
				DB8ACBF421745CF6004E32AE /* MASViewAttribute.h */,
				DB8ACBF521745CF6004E32AE /* MASViewAttribute.m */,
				DB8ACBF621745CF6004E32AE /* MASViewConstraint.h */,
				DB8ACBF721745CF6004E32AE /* MASViewConstraint.m */,
				DB8ACBF821745CF6004E32AE /* NSArray+MASAdditions.h */,
				DB8ACBF921745CF6004E32AE /* NSArray+MASAdditions.m */,
				DB8ACBFA21745CF6004E32AE /* NSArray+MASShorthandAdditions.h */,
				DB8ACBFB21745CF6004E32AE /* NSLayoutConstraint+MASDebugAdditions.h */,
				DB8ACBFC21745CF6004E32AE /* NSLayoutConstraint+MASDebugAdditions.m */,
				DB8ACBFD21745CF6004E32AE /* View+MASAdditions.h */,
				DB8ACBFE21745CF6004E32AE /* View+MASAdditions.m */,
				DB8ACBFF21745CF6004E32AE /* View+MASShorthandAdditions.h */,
				DB8ACC0021745CF6004E32AE /* ViewController+MASAdditions.h */,
				DB8ACC0121745CF6004E32AE /* ViewController+MASAdditions.m */,
			);
			path = Masonry;
			sourceTree = "<group>";
		};
		DBA8975121A69322009CBBEE /* CornerRadiusCategory */ = {
			isa = PBXGroup;
			children = (
				DBA8975221A69322009CBBEE /* UIImageView+CornerRadius.h */,
				DBA8975321A69322009CBBEE /* UIImageView+CornerRadius.m */,
			);
			path = CornerRadiusCategory;
			sourceTree = "<group>";
		};
		DBA8975521A7BA8F009CBBEE /* login */ = {
			isa = PBXGroup;
			children = (
				DBA8975721A7BAAB009CBBEE /* LoginViewController.h */,
				DBA8975821A7BAAB009CBBEE /* LoginViewController.m */,
			);
			path = login;
			sourceTree = "<group>";
		};
/* End PBXGroup section */

/* Begin PBXNativeTarget section */
		DB8ACAA4216D889E004E32AE /* UIDemo */ = {
			isa = PBXNativeTarget;
			buildConfigurationList = DB8ACABB216D889F004E32AE /* Build configuration list for PBXNativeTarget "UIDemo" */;
			buildPhases = (
				DB8ACAA1216D889E004E32AE /* Sources */,
				DB8ACAA2216D889E004E32AE /* Frameworks */,
				DB8ACAA3216D889E004E32AE /* Resources */,
			);
			buildRules = (
			);
			dependencies = (
			);
			name = UIDemo;
			productName = UIDemo;
			productReference = DB8ACAA5216D889E004E32AE /* UIDemo.app */;
			productType = "com.apple.product-type.application";
		};
/* End PBXNativeTarget section */

/* Begin PBXProject section */
		DB8ACA9D216D889E004E32AE /* Project object */ = {
			isa = PBXProject;
			attributes = {
				LastUpgradeCheck = 0930;
				ORGANIZATIONNAME = tielan;
				TargetAttributes = {
					DB8ACAA4216D889E004E32AE = {
						CreatedOnToolsVersion = 9.3;
					};
				};
			};
			buildConfigurationList = DB8ACAA0216D889E004E32AE /* Build configuration list for PBXProject "UIDemo" */;
			compatibilityVersion = "Xcode 9.3";
			developmentRegion = en;
			hasScannedForEncodings = 0;
			knownRegions = (
				en,
				Base,
			);
			mainGroup = DB8ACA9C216D889E004E32AE;
			productRefGroup = DB8ACAA6216D889E004E32AE /* Products */;
			projectDirPath = "";
			projectRoot = "";
			targets = (
				DB8ACAA4216D889E004E32AE /* UIDemo */,
			);
		};
/* End PBXProject section */

/* Begin PBXResourcesBuildPhase section */
		DB8ACAA3216D889E004E32AE /* Resources */ = {
			isa = PBXResourcesBuildPhase;
			buildActionMask = 2147483647;
			files = (
				DB8ACAB5216D889F004E32AE /* LaunchScreen.storyboard in Resources */,
				DB8ACAB2216D889F004E32AE /* Assets.xcassets in Resources */,
				DB8ACC0221745CF7004E32AE /* Info.plist in Resources */,
				DB472E8421A689420043F773 /* CodeScan.bundle in Resources */,
			);
			runOnlyForDeploymentPostprocessing = 0;
		};
/* End PBXResourcesBuildPhase section */

/* Begin PBXSourcesBuildPhase section */
		DB8ACAA1216D889E004E32AE /* Sources */ = {
			isa = PBXSourcesBuildPhase;
			buildActionMask = 2147483647;
			files = (
				DB472EAA21A689BD0043F773 /* LBXPermissionPhotos.m in Sources */,
				DB472EA521A689BD0043F773 /* LBXPermissionContacts.m in Sources */,
				DB472E8721A689420043F773 /* LBXScanVideoZoomView.m in Sources */,
				DBA8975021A691E3009CBBEE /* CreateBarCodeViewController.m in Sources */,
				DB8ACC0521745CF7004E32AE /* MASConstraintMaker.m in Sources */,
				DB8ACAAD216D889E004E32AE /* ViewController.m in Sources */,
				DB472EA821A689BD0043F773 /* LBXPermissionMicrophone.m in Sources */,
				DB472E8521A689420043F773 /* LBXScanLineAnimation.m in Sources */,
				DB472E8221A689420043F773 /* LBXScanTypes.m in Sources */,
				DB8ACC0421745CF7004E32AE /* MASConstraint.m in Sources */,
				DB8ACC0C21745CF7004E32AE /* ViewController+MASAdditions.m in Sources */,
				DBA8975421A69322009CBBEE /* UIImageView+CornerRadius.m in Sources */,
				DB472E6921A6826E0043F773 /* UIView+JHUD.m in Sources */,
				DB472EA621A689BD0043F773 /* LBXPermissionHealth.m in Sources */,
				DB8ACC0621745CF7004E32AE /* MASLayoutConstraint.m in Sources */,
				DB472EAC21A689BD0043F773 /* LBXPermissionSetting.m in Sources */,
				DB8ACC0921745CF7004E32AE /* NSArray+MASAdditions.m in Sources */,
				DB472EA921A689BD0043F773 /* LBXPermissionNetwork.m in Sources */,
				DB472E8621A689420043F773 /* LBXScanNetAnimation.m in Sources */,
				DBA8975921A7BAAB009CBBEE /* LoginViewController.m in Sources */,
				DB8ACC0821745CF7004E32AE /* MASViewConstraint.m in Sources */,
				DB472E6721A6826E0043F773 /* JHUDAnimationView.m in Sources */,
				DB8ACC0721745CF7004E32AE /* MASViewAttribute.m in Sources */,
				DB472E5C21A677270043F773 /* TLWebViewViewController.m in Sources */,
				DB8ACC0B21745CF7004E32AE /* View+MASAdditions.m in Sources */,
				DB8ACAB8216D889F004E32AE /* main.m in Sources */,
				DB472EA721A689BD0043F773 /* LBXPermissionLocation.m in Sources */,
				DB472E8821A689420043F773 /* LBXScanView.m in Sources */,
				DB472EAB21A689BD0043F773 /* LBXPermissionReminders.m in Sources */,
				DB472E8921A689420043F773 /* LBXScanViewController.m in Sources */,
				DB472E6621A6826E0043F773 /* JHUD.m in Sources */,
				DB472EA221A689BD0043F773 /* LBXPermission.m in Sources */,
				DB472EA421A689BD0043F773 /* LBXPermissionCamera.m in Sources */,
				DB8ACAAA216D889E004E32AE /* AppDelegate.m in Sources */,
				DB472E8121A689420043F773 /* LBXScanNative.m in Sources */,
				DB8ACC0321745CF7004E32AE /* MASCompositeConstraint.m in Sources */,
				DB472E8A21A689420043F773 /* LBXScanViewStyle.m in Sources */,
				DB472E6821A6826E0043F773 /* UIImage+JHUD.m in Sources */,
				DB8ACC0A21745CF7004E32AE /* NSLayoutConstraint+MASDebugAdditions.m in Sources */,
				DB472EB321A68ACA0043F773 /* TLScanViewController.m in Sources */,
				DB472EA321A689BD0043F773 /* LBXPermissionCalendar.m in Sources */,
			);
			runOnlyForDeploymentPostprocessing = 0;
		};
/* End PBXSourcesBuildPhase section */

/* Begin PBXVariantGroup section */
		DB8ACAB3216D889F004E32AE /* LaunchScreen.storyboard */ = {
			isa = PBXVariantGroup;
			children = (
				DB8ACAB4216D889F004E32AE /* Base */,
			);
			name = LaunchScreen.storyboard;
			sourceTree = "<group>";
		};
/* End PBXVariantGroup section */

/* Begin XCBuildConfiguration section */
		DB8ACAB9216D889F004E32AE /* Debug */ = {
			isa = XCBuildConfiguration;
			buildSettings = {
				ALWAYS_SEARCH_USER_PATHS = NO;
				CLANG_ANALYZER_NONNULL = YES;
				CLANG_ANALYZER_NUMBER_OBJECT_CONVERSION = YES_AGGRESSIVE;
				CLANG_CXX_LANGUAGE_STANDARD = "gnu++14";
				CLANG_CXX_LIBRARY = "libc++";
				CLANG_ENABLE_MODULES = YES;
				CLANG_ENABLE_OBJC_ARC = YES;
				CLANG_ENABLE_OBJC_WEAK = YES;
				CLANG_WARN_BLOCK_CAPTURE_AUTORELEASING = YES;
				CLANG_WARN_BOOL_CONVERSION = YES;
				CLANG_WARN_COMMA = YES;
				CLANG_WARN_CONSTANT_CONVERSION = YES;
				CLANG_WARN_DEPRECATED_OBJC_IMPLEMENTATIONS = YES;
				CLANG_WARN_DIRECT_OBJC_ISA_USAGE = YES_ERROR;
				CLANG_WARN_DOCUMENTATION_COMMENTS = YES;
				CLANG_WARN_EMPTY_BODY = YES;
				CLANG_WARN_ENUM_CONVERSION = YES;
				CLANG_WARN_INFINITE_RECURSION = YES;
				CLANG_WARN_INT_CONVERSION = YES;
				CLANG_WARN_NON_LITERAL_NULL_CONVERSION = YES;
				CLANG_WARN_OBJC_IMPLICIT_RETAIN_SELF = YES;
				CLANG_WARN_OBJC_LITERAL_CONVERSION = YES;
				CLANG_WARN_OBJC_ROOT_CLASS = YES_ERROR;
				CLANG_WARN_RANGE_LOOP_ANALYSIS = YES;
				CLANG_WARN_STRICT_PROTOTYPES = YES;
				CLANG_WARN_SUSPICIOUS_MOVE = YES;
				CLANG_WARN_UNGUARDED_AVAILABILITY = YES_AGGRESSIVE;
				CLANG_WARN_UNREACHABLE_CODE = YES;
				CLANG_WARN__DUPLICATE_METHOD_MATCH = YES;
				CODE_SIGN_IDENTITY = "iPhone Developer";
				COPY_PHASE_STRIP = NO;
				DEBUG_INFORMATION_FORMAT = dwarf;
				ENABLE_STRICT_OBJC_MSGSEND = YES;
				ENABLE_TESTABILITY = YES;
				GCC_C_LANGUAGE_STANDARD = gnu11;
				GCC_DYNAMIC_NO_PIC = NO;
				GCC_NO_COMMON_BLOCKS = YES;
				GCC_OPTIMIZATION_LEVEL = 0;
				GCC_PREPROCESSOR_DEFINITIONS = (
					"DEBUG=1",
					"$(inherited)",
				);
				GCC_WARN_64_TO_32_BIT_CONVERSION = YES;
				GCC_WARN_ABOUT_RETURN_TYPE = YES_ERROR;
				GCC_WARN_UNDECLARED_SELECTOR = YES;
				GCC_WARN_UNINITIALIZED_AUTOS = YES_AGGRESSIVE;
				GCC_WARN_UNUSED_FUNCTION = YES;
				GCC_WARN_UNUSED_VARIABLE = YES;
				IPHONEOS_DEPLOYMENT_TARGET = 11.3;
				MTL_ENABLE_DEBUG_INFO = YES;
				ONLY_ACTIVE_ARCH = YES;
				SDKROOT = iphoneos;
			};
			name = Debug;
		};
		DB8ACABA216D889F004E32AE /* Release */ = {
			isa = XCBuildConfiguration;
			buildSettings = {
				ALWAYS_SEARCH_USER_PATHS = NO;
				CLANG_ANALYZER_NONNULL = YES;
				CLANG_ANALYZER_NUMBER_OBJECT_CONVERSION = YES_AGGRESSIVE;
				CLANG_CXX_LANGUAGE_STANDARD = "gnu++14";
				CLANG_CXX_LIBRARY = "libc++";
				CLANG_ENABLE_MODULES = YES;
				CLANG_ENABLE_OBJC_ARC = YES;
				CLANG_ENABLE_OBJC_WEAK = YES;
				CLANG_WARN_BLOCK_CAPTURE_AUTORELEASING = YES;
				CLANG_WARN_BOOL_CONVERSION = YES;
				CLANG_WARN_COMMA = YES;
				CLANG_WARN_CONSTANT_CONVERSION = YES;
				CLANG_WARN_DEPRECATED_OBJC_IMPLEMENTATIONS = YES;
				CLANG_WARN_DIRECT_OBJC_ISA_USAGE = YES_ERROR;
				CLANG_WARN_DOCUMENTATION_COMMENTS = YES;
				CLANG_WARN_EMPTY_BODY = YES;
				CLANG_WARN_ENUM_CONVERSION = YES;
				CLANG_WARN_INFINITE_RECURSION = YES;
				CLANG_WARN_INT_CONVERSION = YES;
				CLANG_WARN_NON_LITERAL_NULL_CONVERSION = YES;
				CLANG_WARN_OBJC_IMPLICIT_RETAIN_SELF = YES;
				CLANG_WARN_OBJC_LITERAL_CONVERSION = YES;
				CLANG_WARN_OBJC_ROOT_CLASS = YES_ERROR;
				CLANG_WARN_RANGE_LOOP_ANALYSIS = YES;
				CLANG_WARN_STRICT_PROTOTYPES = YES;
				CLANG_WARN_SUSPICIOUS_MOVE = YES;
				CLANG_WARN_UNGUARDED_AVAILABILITY = YES_AGGRESSIVE;
				CLANG_WARN_UNREACHABLE_CODE = YES;
				CLANG_WARN__DUPLICATE_METHOD_MATCH = YES;
				CODE_SIGN_IDENTITY = "iPhone Developer";
				COPY_PHASE_STRIP = NO;
				DEBUG_INFORMATION_FORMAT = "dwarf-with-dsym";
				ENABLE_NS_ASSERTIONS = NO;
				ENABLE_STRICT_OBJC_MSGSEND = YES;
				GCC_C_LANGUAGE_STANDARD = gnu11;
				GCC_NO_COMMON_BLOCKS = YES;
				GCC_WARN_64_TO_32_BIT_CONVERSION = YES;
				GCC_WARN_ABOUT_RETURN_TYPE = YES_ERROR;
				GCC_WARN_UNDECLARED_SELECTOR = YES;
				GCC_WARN_UNINITIALIZED_AUTOS = YES_AGGRESSIVE;
				GCC_WARN_UNUSED_FUNCTION = YES;
				GCC_WARN_UNUSED_VARIABLE = YES;
				IPHONEOS_DEPLOYMENT_TARGET = 11.3;
				MTL_ENABLE_DEBUG_INFO = NO;
				SDKROOT = iphoneos;
				VALIDATE_PRODUCT = YES;
			};
			name = Release;
		};
		DB8ACABC216D889F004E32AE /* Debug */ = {
			isa = XCBuildConfiguration;
			baseConfigurationReference = 2D2638EBA8C42648ECD18A95 /* Pods-UIDemo.debug.xcconfig */;
			buildSettings = {
				ASSETCATALOG_COMPILER_APPICON_NAME = AppIcon;
				CODE_SIGN_IDENTITY = "iPhone Developer";
				CODE_SIGN_STYLE = Automatic;
				DEVELOPMENT_TEAM = KH2UL3R56U;
				GCC_PREFIX_HEADER = /Users/iosteams/twork/iUIDemo/UIDemo/PrefixHeader.pch;
				INFOPLIST_FILE = UIDemo/Info.plist;
				LD_RUNPATH_SEARCH_PATHS = (
					"$(inherited)",
					"@executable_path/Frameworks",
				);
				PRODUCT_BUNDLE_IDENTIFIER = com.tielan.UIDemo;
				PRODUCT_NAME = "$(TARGET_NAME)";
				PROVISIONING_PROFILE_SPECIFIER = "";
				TARGETED_DEVICE_FAMILY = 1;
			};
			name = Debug;
		};
		DB8ACABD216D889F004E32AE /* Release */ = {
			isa = XCBuildConfiguration;
			baseConfigurationReference = 20796DF021E88DAF6029410D /* Pods-UIDemo.release.xcconfig */;
			buildSettings = {
				ASSETCATALOG_COMPILER_APPICON_NAME = AppIcon;
				CODE_SIGN_IDENTITY = "iPhone Developer";
				CODE_SIGN_STYLE = Automatic;
				DEVELOPMENT_TEAM = KH2UL3R56U;
				GCC_PREFIX_HEADER = /Users/iosteams/twork/iUIDemo/UIDemo/PrefixHeader.pch;
				INFOPLIST_FILE = UIDemo/Info.plist;
				LD_RUNPATH_SEARCH_PATHS = (
					"$(inherited)",
					"@executable_path/Frameworks",
				);
				PRODUCT_BUNDLE_IDENTIFIER = com.tielan.UIDemo;
				PRODUCT_NAME = "$(TARGET_NAME)";
				PROVISIONING_PROFILE_SPECIFIER = "";
				TARGETED_DEVICE_FAMILY = 1;
			};
			name = Release;
		};
/* End XCBuildConfiguration section */

/* Begin XCConfigurationList section */
		DB8ACAA0216D889E004E32AE /* Build configuration list for PBXProject "UIDemo" */ = {
			isa = XCConfigurationList;
			buildConfigurations = (
				DB8ACAB9216D889F004E32AE /* Debug */,
				DB8ACABA216D889F004E32AE /* Release */,
			);
			defaultConfigurationIsVisible = 0;
			defaultConfigurationName = Release;
		};
		DB8ACABB216D889F004E32AE /* Build configuration list for PBXNativeTarget "UIDemo" */ = {
			isa = XCConfigurationList;
			buildConfigurations = (
				DB8ACABC216D889F004E32AE /* Debug */,
				DB8ACABD216D889F004E32AE /* Release */,
			);
			defaultConfigurationIsVisible = 0;
			defaultConfigurationName = Release;
		};
/* End XCConfigurationList section */
	};
	rootObject = DB8ACA9D216D889E004E32AE /* Project object */;
}
